
Microsoft Visual Studio Solution File, Format Version 12.00
# Visual Studio Version 17
VisualStudioVersion = 17.3.32819.101
MinimumVisualStudioVersion = 10.0.40219.1
Project("{FAE04EC0-301F-11D3-BF4B-00C04F79EFBC}") = "EisenhowerMatrixServer", "EisenhowerMatrixServer.csproj", "{47447B9C-33CA-473E-844B-19C70AAC97B1}"
EndProject
Project("{54435603-DBB4-11D2-8724-00A0C9A8B90C}") = "SetupExcelMatrix", "..\SetupExcelMatrix\SetupExcelMatrix.vdproj", "{EB9C3441-3815-4035-B588-51DF76939260}"
EndProject
Global
	GlobalSection(SolutionConfigurationPlatforms) = preSolution
		Debug|Any CPU = Debug|Any CPU
		Release|Any CPU = Release|Any CPU
	EndGlobalSection
	GlobalSection(ProjectConfigurationPlatforms) = postSolution
		{47447B9C-33CA-473E-844B-19C70AAC97B1}.Debug|Any CPU.ActiveCfg = Debug|Any CPU
		{47447B9C-33CA-473E-844B-19C70AAC97B1}.Debug|Any CPU.Build.0 = Debug|Any CPU
		{47447B9C-33CA-473E-844B-19C70AAC97B1}.Release|Any CPU.ActiveCfg = Release|Any CPU
		{47447B9C-33CA-473E-844B-19C70AAC97B1}.Release|Any CPU.Build.0 = Release|Any CPU
		{EB9C3441-3815-4035-B588-51DF76939260}.Debug|Any CPU.ActiveCfg = Debug
		{EB9C3441-3815-4035-B588-51DF76939260}.Debug|Any CPU.Build.0 = Debug
		{EB9C3441-3815-4035-B588-51DF76939260}.Release|Any CPU.ActiveCfg = Release
		{EB9C3441-3815-4035-B588-51DF76939260}.Release|Any CPU.Build.0 = Release
	EndGlobalSection
	GlobalSection(SolutionProperties) = preSolution
		HideSolutionNode = FALSE
	EndGlobalSection
	GlobalSection(ExtensibilityGlobals) = postSolution
		SolutionGuid = {ECFD0862-75FD-43D6-8697-19C9665A8511}
	EndGlobalSection
EndGlobal
